
Microsoft Visual Studio Solution File, Format Version 12.00
# Visual Studio Version 16
VisualStudioVersion = 16.0.30907.101
MinimumVisualStudioVersion = 10.0.40219.1
Project("{9A19103F-16F7-4668-BE54-9A1E7A4F7556}") = "DataAccess", "DataAccess\DataAccess.csproj", "{DBF3515F-3B1B-441A-B126-51DECF6F38F3}"
EndProject
Project("{9A19103F-16F7-4668-BE54-9A1E7A4F7556}") = "Business", "Business\Business.csproj", "{A4BE1CB0-2E69-4261-AAC7-970D981523E3}"
EndProject
Project("{9A19103F-16F7-4668-BE54-9A1E7A4F7556}") = "Entities", "Entities\Entities.csproj", "{DDF694AD-D3CA-4E23-96EB-D0D6D33FBF10}"
EndProject
Project("{9A19103F-16F7-4668-BE54-9A1E7A4F7556}") = "ConsoleUI", "ConsoleUI\ConsoleUI.csproj", "{F44B074A-35F7-4606-AB14-976070AB6665}"
EndProject
Global
	GlobalSection(SolutionConfigurationPlatforms) = preSolution
		Debug|Any CPU = Debug|Any CPU
		Release|Any CPU = Release|Any CPU
	EndGlobalSection
	GlobalSection(ProjectConfigurationPlatforms) = postSolution
		{DBF3515F-3B1B-441A-B126-51DECF6F38F3}.Debug|Any CPU.ActiveCfg = Debug|Any CPU
		{DBF3515F-3B1B-441A-B126-51DECF6F38F3}.Debug|Any CPU.Build.0 = Debug|Any CPU
		{DBF3515F-3B1B-441A-B126-51DECF6F38F3}.Release|Any CPU.ActiveCfg = Release|Any CPU
		{DBF3515F-3B1B-441A-B126-51DECF6F38F3}.Release|Any CPU.Build.0 = Release|Any CPU
		{A4BE1CB0-2E69-4261-AAC7-970D981523E3}.Debug|Any CPU.ActiveCfg = Debug|Any CPU
		{A4BE1CB0-2E69-4261-AAC7-970D981523E3}.Debug|Any CPU.Build.0 = Debug|Any CPU
		{A4BE1CB0-2E69-4261-AAC7-970D981523E3}.Release|Any CPU.ActiveCfg = Release|Any CPU
		{A4BE1CB0-2E69-4261-AAC7-970D981523E3}.Release|Any CPU.Build.0 = Release|Any CPU
		{DDF694AD-D3CA-4E23-96EB-D0D6D33FBF10}.Debug|Any CPU.ActiveCfg = Debug|Any CPU
		{DDF694AD-D3CA-4E23-96EB-D0D6D33FBF10}.Debug|Any CPU.Build.0 = Debug|Any CPU
		{DDF694AD-D3CA-4E23-96EB-D0D6D33FBF10}.Release|Any CPU.ActiveCfg = Release|Any CPU
		{DDF694AD-D3CA-4E23-96EB-D0D6D33FBF10}.Release|Any CPU.Build.0 = Release|Any CPU
		{F44B074A-35F7-4606-AB14-976070AB6665}.Debug|Any CPU.ActiveCfg = Debug|Any CPU
		{F44B074A-35F7-4606-AB14-976070AB6665}.Debug|Any CPU.Build.0 = Debug|Any CPU
		{F44B074A-35F7-4606-AB14-976070AB6665}.Release|Any CPU.ActiveCfg = Release|Any CPU
		{F44B074A-35F7-4606-AB14-976070AB6665}.Release|Any CPU.Build.0 = Release|Any CPU
	EndGlobalSection
	GlobalSection(SolutionProperties) = preSolution
		HideSolutionNode = FALSE
	EndGlobalSection
	GlobalSection(ExtensibilityGlobals) = postSolution
		SolutionGuid = {4C0E5A78-2717-4CED-81E1-DC189A5450E6}
	EndGlobalSection
EndGlobal
